<Solution>
  <Folder Name="/api/">
    <Project Path="api/Todo.Api.csproj" />
  </Folder>
  <Folder Name="/apphost/">
    <Project Path="apphost/Todo.AppHost.csproj" />
  </Folder>
  <Folder Name="/servicedefaults/">
    <Project Path="servicedefaults/Todo.ServiceDefaults.csproj" />
  </Folder>
  <Folder Name="/tests/">
    <Project Path="tests/Todo.Api.IntegrationTests/Todo.Api.IntegrationTests.csproj" />
    <Project Path="tests/Todo.Api.UnitTests/Todo.Api.UnitTests.csproj" />
  </Folder>
</Solution>
